
Microsoft Visual Studio Solution File, Format Version 12.00
# Visual Studio Version 16
VisualStudioVersion = 16.0.30406.217
MinimumVisualStudioVersion = 10.0.40219.1
Project("{FAE04EC0-301F-11D3-BF4B-00C04F79EFBC}") = "ArrayAndString", "ArrayAndString\ArrayAndString.csproj", "{19ED6509-B449-4BE7-BF88-3D804006B88A}"
EndProject
Project("{FAE04EC0-301F-11D3-BF4B-00C04F79EFBC}") = "ArrayAndString.Tests", "ArrayAndString.Tests\ArrayAndString.Tests.csproj", "{28803F09-806F-46B9-8119-78FCB006B386}"
EndProject
Global
	GlobalSection(SolutionConfigurationPlatforms) = preSolution
		Debug|Any CPU = Debug|Any CPU
		Release|Any CPU = Release|Any CPU
	EndGlobalSection
	GlobalSection(ProjectConfigurationPlatforms) = postSolution
		{19ED6509-B449-4BE7-BF88-3D804006B88A}.Debug|Any CPU.ActiveCfg = Debug|Any CPU
		{19ED6509-B449-4BE7-BF88-3D804006B88A}.Debug|Any CPU.Build.0 = Debug|Any CPU
		{19ED6509-B449-4BE7-BF88-3D804006B88A}.Release|Any CPU.ActiveCfg = Release|Any CPU
		{19ED6509-B449-4BE7-BF88-3D804006B88A}.Release|Any CPU.Build.0 = Release|Any CPU
		{28803F09-806F-46B9-8119-78FCB006B386}.Debug|Any CPU.ActiveCfg = Debug|Any CPU
		{28803F09-806F-46B9-8119-78FCB006B386}.Debug|Any CPU.Build.0 = Debug|Any CPU
		{28803F09-806F-46B9-8119-78FCB006B386}.Release|Any CPU.ActiveCfg = Release|Any CPU
		{28803F09-806F-46B9-8119-78FCB006B386}.Release|Any CPU.Build.0 = Release|Any CPU
	EndGlobalSection
	GlobalSection(SolutionProperties) = preSolution
		HideSolutionNode = FALSE
	EndGlobalSection
	GlobalSection(ExtensibilityGlobals) = postSolution
		SolutionGuid = {AC1372CE-6D8D-495E-B108-E5DB1655186A}
	EndGlobalSection
EndGlobal
